
Microsoft Visual Studio Solution File, Format Version 12.00
# Visual Studio Version 17
VisualStudioVersion = 17.4.33103.184
MinimumVisualStudioVersion = 10.0.40219.1
Project("{FAE04EC0-301F-11D3-BF4B-00C04F79EFBC}") = "arrays", "arrays.csproj", "{ED56ABCA-F2CE-42EB-8854-B677ECB17413}"
EndProject
Project("{FAE04EC0-301F-11D3-BF4B-00C04F79EFBC}") = "array output in reverse order", "..\array output in reverse order\array output in reverse order.csproj", "{2446EDC1-DA82-4370-B997-21225CFB2B36}"
EndProject
Project("{FAE04EC0-301F-11D3-BF4B-00C04F79EFBC}") = "Sum of honest numbers", "..\Sum of honest numbers\Sum of honest numbers.csproj", "{218C93F6-21F8-47B3-82F9-770C6865EEE7}"
EndProject
Global
	GlobalSection(SolutionConfigurationPlatforms) = preSolution
		Debug|Any CPU = Debug|Any CPU
		Release|Any CPU = Release|Any CPU
	EndGlobalSection
	GlobalSection(ProjectConfigurationPlatforms) = postSolution
		{ED56ABCA-F2CE-42EB-8854-B677ECB17413}.Debug|Any CPU.ActiveCfg = Debug|Any CPU
		{ED56ABCA-F2CE-42EB-8854-B677ECB17413}.Debug|Any CPU.Build.0 = Debug|Any CPU
		{ED56ABCA-F2CE-42EB-8854-B677ECB17413}.Release|Any CPU.ActiveCfg = Release|Any CPU
		{ED56ABCA-F2CE-42EB-8854-B677ECB17413}.Release|Any CPU.Build.0 = Release|Any CPU
		{2446EDC1-DA82-4370-B997-21225CFB2B36}.Debug|Any CPU.ActiveCfg = Debug|Any CPU
		{2446EDC1-DA82-4370-B997-21225CFB2B36}.Debug|Any CPU.Build.0 = Debug|Any CPU
		{2446EDC1-DA82-4370-B997-21225CFB2B36}.Release|Any CPU.ActiveCfg = Release|Any CPU
		{2446EDC1-DA82-4370-B997-21225CFB2B36}.Release|Any CPU.Build.0 = Release|Any CPU
		{218C93F6-21F8-47B3-82F9-770C6865EEE7}.Debug|Any CPU.ActiveCfg = Debug|Any CPU
		{218C93F6-21F8-47B3-82F9-770C6865EEE7}.Debug|Any CPU.Build.0 = Debug|Any CPU
		{218C93F6-21F8-47B3-82F9-770C6865EEE7}.Release|Any CPU.ActiveCfg = Release|Any CPU
		{218C93F6-21F8-47B3-82F9-770C6865EEE7}.Release|Any CPU.Build.0 = Release|Any CPU
	EndGlobalSection
	GlobalSection(SolutionProperties) = preSolution
		HideSolutionNode = FALSE
	EndGlobalSection
	GlobalSection(ExtensibilityGlobals) = postSolution
		SolutionGuid = {9BFEAE26-CFA2-48E9-A1DD-EBB0AC825AC8}
	EndGlobalSection
EndGlobal
